
Microsoft Visual Studio Solution File, Format Version 12.00
# Visual Studio Version 17
VisualStudioVersion = 17.9.34728.123
MinimumVisualStudioVersion = 10.0.40219.1
Project("{FAE04EC0-301F-11D3-BF4B-00C04F79EFBC}") = "ReverseLinkedList", "ReverseLinkedList.csproj", "{2194EE5C-0929-45FA-B4F1-1B32E8D30A04}"
EndProject
Project("{FAE04EC0-301F-11D3-BF4B-00C04F79EFBC}") = "ReverseLinkedListTests", "..\ReverseLinkedListTests\ReverseLinkedListTests.csproj", "{0BE1E9BC-7685-48AC-B0AC-5A4BD762ECAB}"
EndProject
Global
	GlobalSection(SolutionConfigurationPlatforms) = preSolution
		Debug|Any CPU = Debug|Any CPU
		Release|Any CPU = Release|Any CPU
	EndGlobalSection
	GlobalSection(ProjectConfigurationPlatforms) = postSolution
		{2194EE5C-0929-45FA-B4F1-1B32E8D30A04}.Debug|Any CPU.ActiveCfg = Debug|Any CPU
		{2194EE5C-0929-45FA-B4F1-1B32E8D30A04}.Debug|Any CPU.Build.0 = Debug|Any CPU
		{2194EE5C-0929-45FA-B4F1-1B32E8D30A04}.Release|Any CPU.ActiveCfg = Release|Any CPU
		{2194EE5C-0929-45FA-B4F1-1B32E8D30A04}.Release|Any CPU.Build.0 = Release|Any CPU
		{0BE1E9BC-7685-48AC-B0AC-5A4BD762ECAB}.Debug|Any CPU.ActiveCfg = Debug|Any CPU
		{0BE1E9BC-7685-48AC-B0AC-5A4BD762ECAB}.Debug|Any CPU.Build.0 = Debug|Any CPU
		{0BE1E9BC-7685-48AC-B0AC-5A4BD762ECAB}.Release|Any CPU.ActiveCfg = Release|Any CPU
		{0BE1E9BC-7685-48AC-B0AC-5A4BD762ECAB}.Release|Any CPU.Build.0 = Release|Any CPU
	EndGlobalSection
	GlobalSection(SolutionProperties) = preSolution
		HideSolutionNode = FALSE
	EndGlobalSection
	GlobalSection(ExtensibilityGlobals) = postSolution
		SolutionGuid = {C4D9C757-B8F4-4CC5-B992-7846BD4F44C8}
	EndGlobalSection
EndGlobal
